# THIS IS AN AUTOGENERATED FILE. DO NOT EDIT THIS FILE DIRECTLY.
# yarn lockfile v1


bootstrap@^4.6.0:
  version "4.6.0"
  resolved "https://registry.npm.taobao.org/bootstrap/download/bootstrap-4.6.0.tgz?cache=0&sync_timestamp=1616517464188&other_urls=https%3A%2F%2Fregistry.npm.taobao.org%2Fbootstrap%2Fdownload%2Fbootstrap-4.6.0.tgz#97b9f29ac98f98dfa43bf7468262d84392552fd7"
  integrity sha1-l7nymsmPmN+kO/dGgmLYQ5JVL9c=

formidable@^1.2.2:
  version "1.2.2"
  resolved "https://registry.npm.taobao.org/formidable/download/formidable-1.2.2.tgz#bf69aea2972982675f00865342b982986f6b8dd9"
  integrity sha1-v2muopcpgmdfAIZTQrmCmG9rjdk=

underscore@^1.12.1:
  version "1.12.1"
  resolved "https://registry.npm.taobao.org/underscore/download/underscore-1.12.1.tgz?cache=0&sync_timestamp=1615982153829&other_urls=https%3A%2F%2Fregistry.npm.taobao.org%2Funderscore%2Fdownload%2Funderscore-1.12.1.tgz#7bb8cc9b3d397e201cf8553336d262544ead829e"
  integrity sha1-e7jMmz05fiAc+FUzNtJiVE6tgp4=
